
Microsoft Visual Studio Solution File, Format Version 12.00
# Visual Studio 2012
Project("{FAE04EC0-301F-11D3-BF4B-00C04F79EFBC}") = "GettingThingsDone", "GettingThingsDone\GettingThingsDone.csproj", "{4DEBB84D-C2D2-41A7-9B29-7453854F08D8}"
EndProject
Project("{F088123C-0E9E-452A-89E6-6BA2F21D5CAC}") = "GTDModel", "GTDModel\GTDModel.modelproj", "{6E655794-0DD5-4D86-B1E0-6D3109746296}"
EndProject
Project("{00D1A9C2-B5F0-4AF3-8072-F6C62B433612}") = "Database1", "Database1\Database1.sqlproj", "{37E99B68-5669-47CD-B51F-0B21CBC7954B}"
EndProject
Project("{FAE04EC0-301F-11D3-BF4B-00C04F79EFBC}") = "TestBDD", "ConsoleApplication1\TestBDD.csproj", "{D9BB2566-AD2D-4F94-B38D-AA204E88607A}"
EndProject
Global
	GlobalSection(SolutionConfigurationPlatforms) = preSolution
		Debug|Any CPU = Debug|Any CPU
		Release|Any CPU = Release|Any CPU
	EndGlobalSection
	GlobalSection(ProjectConfigurationPlatforms) = postSolution
		{4DEBB84D-C2D2-41A7-9B29-7453854F08D8}.Debug|Any CPU.ActiveCfg = Debug|Any CPU
		{4DEBB84D-C2D2-41A7-9B29-7453854F08D8}.Debug|Any CPU.Build.0 = Debug|Any CPU
		{4DEBB84D-C2D2-41A7-9B29-7453854F08D8}.Release|Any CPU.ActiveCfg = Release|Any CPU
		{4DEBB84D-C2D2-41A7-9B29-7453854F08D8}.Release|Any CPU.Build.0 = Release|Any CPU
		{6E655794-0DD5-4D86-B1E0-6D3109746296}.Debug|Any CPU.ActiveCfg = Debug|Any CPU
		{6E655794-0DD5-4D86-B1E0-6D3109746296}.Debug|Any CPU.Build.0 = Debug|Any CPU
		{6E655794-0DD5-4D86-B1E0-6D3109746296}.Release|Any CPU.ActiveCfg = Release|Any CPU
		{6E655794-0DD5-4D86-B1E0-6D3109746296}.Release|Any CPU.Build.0 = Release|Any CPU
		{37E99B68-5669-47CD-B51F-0B21CBC7954B}.Debug|Any CPU.ActiveCfg = Debug|Any CPU
		{37E99B68-5669-47CD-B51F-0B21CBC7954B}.Debug|Any CPU.Build.0 = Debug|Any CPU
		{37E99B68-5669-47CD-B51F-0B21CBC7954B}.Debug|Any CPU.Deploy.0 = Debug|Any CPU
		{37E99B68-5669-47CD-B51F-0B21CBC7954B}.Release|Any CPU.ActiveCfg = Release|Any CPU
		{37E99B68-5669-47CD-B51F-0B21CBC7954B}.Release|Any CPU.Build.0 = Release|Any CPU
		{37E99B68-5669-47CD-B51F-0B21CBC7954B}.Release|Any CPU.Deploy.0 = Release|Any CPU
		{D9BB2566-AD2D-4F94-B38D-AA204E88607A}.Debug|Any CPU.ActiveCfg = Debug|Any CPU
		{D9BB2566-AD2D-4F94-B38D-AA204E88607A}.Debug|Any CPU.Build.0 = Debug|Any CPU
		{D9BB2566-AD2D-4F94-B38D-AA204E88607A}.Release|Any CPU.ActiveCfg = Release|Any CPU
		{D9BB2566-AD2D-4F94-B38D-AA204E88607A}.Release|Any CPU.Build.0 = Release|Any CPU
	EndGlobalSection
	GlobalSection(SolutionProperties) = preSolution
		HideSolutionNode = FALSE
	EndGlobalSection
EndGlobal
