
Microsoft Visual Studio Solution File, Format Version 12.00
# Visual Studio 2012
Project("{FAE04EC0-301F-11D3-BF4B-00C04F79EFBC}") = "GettingThingsDone", "GettingThingsDone\GettingThingsDone.csproj", "{4DEBB84D-C2D2-41A7-9B29-7453854F08D8}"
EndProject
Project("{F088123C-0E9E-452A-89E6-6BA2F21D5CAC}") = "GTDModel", "GTDModel\GTDModel.modelproj", "{6E655794-0DD5-4D86-B1E0-6D3109746296}"
EndProject
Project("{00D1A9C2-B5F0-4AF3-8072-F6C62B433612}") = "GTDdatabase", "..\Documents\Visual Studio 2012\Projects\Database1\GTDdatabase.sqlproj", "{DF64E6DA-22AA-4735-ABBC-7CA3EAA367B7}"
EndProject
Project("{FAE04EC0-301F-11D3-BF4B-00C04F79EFBC}") = "ProvisionServer", "ProvisionServer\ProvisionServer.csproj", "{05E9EC5E-3C53-4298-B152-DF108E8012BB}"
EndProject
Project("{FAE04EC0-301F-11D3-BF4B-00C04F79EFBC}") = "ProvisionClient", "ProvisionClient\ProvisionClient.csproj", "{19711445-DDC7-453F-B423-E510F228765B}"
EndProject
Global
	GlobalSection(SolutionConfigurationPlatforms) = preSolution
		Debug|Any CPU = Debug|Any CPU
		Release|Any CPU = Release|Any CPU
	EndGlobalSection
	GlobalSection(ProjectConfigurationPlatforms) = postSolution
		{4DEBB84D-C2D2-41A7-9B29-7453854F08D8}.Debug|Any CPU.ActiveCfg = Debug|Any CPU
		{4DEBB84D-C2D2-41A7-9B29-7453854F08D8}.Debug|Any CPU.Build.0 = Debug|Any CPU
		{4DEBB84D-C2D2-41A7-9B29-7453854F08D8}.Release|Any CPU.ActiveCfg = Release|Any CPU
		{4DEBB84D-C2D2-41A7-9B29-7453854F08D8}.Release|Any CPU.Build.0 = Release|Any CPU
		{6E655794-0DD5-4D86-B1E0-6D3109746296}.Debug|Any CPU.ActiveCfg = Debug|Any CPU
		{6E655794-0DD5-4D86-B1E0-6D3109746296}.Debug|Any CPU.Build.0 = Debug|Any CPU
		{6E655794-0DD5-4D86-B1E0-6D3109746296}.Release|Any CPU.ActiveCfg = Release|Any CPU
		{6E655794-0DD5-4D86-B1E0-6D3109746296}.Release|Any CPU.Build.0 = Release|Any CPU
		{DF64E6DA-22AA-4735-ABBC-7CA3EAA367B7}.Debug|Any CPU.ActiveCfg = Debug|Any CPU
		{DF64E6DA-22AA-4735-ABBC-7CA3EAA367B7}.Debug|Any CPU.Build.0 = Debug|Any CPU
		{DF64E6DA-22AA-4735-ABBC-7CA3EAA367B7}.Debug|Any CPU.Deploy.0 = Debug|Any CPU
		{DF64E6DA-22AA-4735-ABBC-7CA3EAA367B7}.Release|Any CPU.ActiveCfg = Release|Any CPU
		{DF64E6DA-22AA-4735-ABBC-7CA3EAA367B7}.Release|Any CPU.Build.0 = Release|Any CPU
		{DF64E6DA-22AA-4735-ABBC-7CA3EAA367B7}.Release|Any CPU.Deploy.0 = Release|Any CPU
		{05E9EC5E-3C53-4298-B152-DF108E8012BB}.Debug|Any CPU.ActiveCfg = Debug|Any CPU
		{05E9EC5E-3C53-4298-B152-DF108E8012BB}.Debug|Any CPU.Build.0 = Debug|Any CPU
		{05E9EC5E-3C53-4298-B152-DF108E8012BB}.Release|Any CPU.ActiveCfg = Release|Any CPU
		{05E9EC5E-3C53-4298-B152-DF108E8012BB}.Release|Any CPU.Build.0 = Release|Any CPU
		{19711445-DDC7-453F-B423-E510F228765B}.Debug|Any CPU.ActiveCfg = Debug|Any CPU
		{19711445-DDC7-453F-B423-E510F228765B}.Debug|Any CPU.Build.0 = Debug|Any CPU
		{19711445-DDC7-453F-B423-E510F228765B}.Release|Any CPU.ActiveCfg = Release|Any CPU
		{19711445-DDC7-453F-B423-E510F228765B}.Release|Any CPU.Build.0 = Release|Any CPU
	EndGlobalSection
	GlobalSection(SolutionProperties) = preSolution
		HideSolutionNode = FALSE
	EndGlobalSection
EndGlobal
